<?xml version="1.0" encoding="utf-8"?>
<Project ToolsVersion="4.0" xmlns="http://schemas.microsoft.com/developer/msbuild/2003">
  <ItemGroup>
    <ClCompile Include="src\BinIO.cpp" />
    <ClCompile Include="src\Bitmap.cpp" />
    <ClCompile Include="src\CalcInfSusc.cpp" />
    <ClCompile Include="src\Dist.cpp" />
    <ClCompile Include="src\Error.cpp" />
    <ClCompile Include="src\Kernels.cpp" />
    <ClCompile Include="src\Rand.cpp" />
    <ClCompile Include="src\SetupModel.cpp" />
    <ClCompile Include="src\CovidSim.cpp" />
    <ClCompile Include="src\Sweep.cpp" />
    <ClCompile Include="src\Update.cpp" />
    <ClCompile Include="src\Param.cpp" />
    <ClCompile Include="src\MicroCellPosition.cpp" />
    <ClCompile Include="src\Direction.cpp" />
    <ClCompile Include="src\InverseCdf.cpp" />
    <ClCompile Include="src\Susceptible.cpp">
      <Filter>InfectionStates</Filter>
    </ClCompile>
    <ClCompile Include="src\Latent.cpp">
      <Filter>InfectionStates</Filter>
    </ClCompile>
    <ClCompile Include="src\Case.cpp">
      <Filter>InfectionStates</Filter>
    </ClCompile>
    <ClCompile Include="src\InfectiousAlmostSymptomatic.cpp">
      <Filter>InfectionStates</Filter>
    </ClCompile>
    <ClCompile Include="src\InfectiousAsymptomaticNotCase.cpp">
      <Filter>InfectionStates</Filter>
    </ClCompile>
    <ClCompile Include="src\InfectiousBase.cpp">
      <Filter>InfectionStates</Filter>
    </ClCompile>
  </ItemGroup>
  <ItemGroup>
    <ClInclude Include="src\BinIO.h" />
    <ClInclude Include="src\Bitmap.h" />
    <ClInclude Include="src\CalcInfSusc.h" />
    <ClInclude Include="src\Constants.h" />
    <ClInclude Include="src\Country.h" />
    <ClInclude Include="src\Dist.h" />
    <ClInclude Include="src\Error.h" />
    <ClInclude Include="src\InfStat.h" />
    <ClInclude Include="src\Kernels.h" />
    <ClInclude Include="src\MachineDefines.h" />
    <ClInclude Include="src\Model.h" />
    <ClInclude Include="src\ModelMacros.h" />
    <ClInclude Include="src\Param.h" />
    <ClInclude Include="src\Rand.h" />
    <ClInclude Include="src\SetupModel.h" />
    <ClInclude Include="src\CovidSim.h" />
    <ClInclude Include="src\Sweep.h" />
    <ClInclude Include="src\Update.h" />
    <ClInclude Include="src\MicroCellPosition.hpp" />
    <ClInclude Include="src\Direction.hpp" />
    <ClInclude Include="src\InverseCdf.h" />
    <ClInclude Include="src\IInfectionState.h">
      <Filter>InfectionStates</Filter>
    </ClInclude>
    <ClInclude Include="src\Susceptible.h">
      <Filter>InfectionStates</Filter>
    </ClInclude>
    <ClInclude Include="src\Latent.h">
      <Filter>InfectionStates</Filter>
    </ClInclude>
    <ClInclude Include="src\RecoveredFromAsymp.h">
      <Filter>InfectionStates</Filter>
    </ClInclude>
    <ClInclude Include="src\Case.h">
      <Filter>InfectionStates</Filter>
    </ClInclude>
    <ClInclude Include="src\Dead_WasAsymp.h">
      <Filter>InfectionStates</Filter>
    </ClInclude>
    <ClInclude Include="src\Dead_WasSymp.h">
      <Filter>InfectionStates</Filter>
    </ClInclude>
    <ClInclude Include="src\RecoveredFromSymp.h">
      <Filter>InfectionStates</Filter>
    </ClInclude>
    <ClInclude Include="src\InfectiousAlmostSymptomatic.h">
      <Filter>InfectionStates</Filter>
    </ClInclude>
    <ClInclude Include="src\ImmuneAtStart.h">
      <Filter>InfectionStates</Filter>
    </ClInclude>
    <ClInclude Include="src\InfectiousAsymptomaticNotCase.h">
      <Filter>InfectionStates</Filter>
    </ClInclude>
    <ClInclude Include="src\InfectiousBase.h">
      <Filter>InfectionStates</Filter>
    </ClInclude>
  </ItemGroup>
  <ItemGroup>
    <Filter Include="InfectionStates">
      <UniqueIdentifier>{e8269bd5-6f0c-4b47-9de5-401e97df46ef}</UniqueIdentifier>
    </Filter>
  </ItemGroup>
</Project>